
Microsoft Visual Studio Solution File, Format Version 12.00
# Visual Studio Version 17
VisualStudioVersion = 17.10.35122.118
MinimumVisualStudioVersion = 10.0.40219.1
Project("{2150E333-8FDC-42A3-9474-1A3956D46DE8}") = "src", "src", "{C39137BD-2D1F-41C7-9309-8FCFB4B9DB2C}"
EndProject
Project("{2150E333-8FDC-42A3-9474-1A3956D46DE8}") = "test", "test", "{B4B5B50D-36AC-412B-A2C8-F0CDE0C3B913}"
EndProject
Project("{9A19103F-16F7-4668-BE54-9A1E7A4F7556}") = "Domain", "src\Domain\Domain.csproj", "{53134DFC-F8C9-472B-8134-80D141BCEFA8}"
EndProject
Project("{9A19103F-16F7-4668-BE54-9A1E7A4F7556}") = "Application", "src\Application\Application.csproj", "{80A92C28-6D22-4A14-82BA-BCD9C4E92AA7}"
EndProject
Project("{9A19103F-16F7-4668-BE54-9A1E7A4F7556}") = "Infrastructure", "src\Infrastructure\Infrastructure.csproj", "{466C638A-4CF3-42EC-9190-3EBB2CBD6B06}"
EndProject
Project("{9A19103F-16F7-4668-BE54-9A1E7A4F7556}") = "Api", "src\Api\Api.csproj", "{704E7C00-4757-4B7F-8271-32FA70386B75}"
EndProject
Project("{E53339B2-1760-4266-BCC7-CA923CBCF16C}") = "docker-compose", "docker-compose.dcproj", "{A2A34C21-E21F-4938-AFF3-FB5ACBAE836C}"
EndProject
Global
	GlobalSection(SolutionConfigurationPlatforms) = preSolution
		Debug|Any CPU = Debug|Any CPU
		Release|Any CPU = Release|Any CPU
	EndGlobalSection
	GlobalSection(ProjectConfigurationPlatforms) = postSolution
		{53134DFC-F8C9-472B-8134-80D141BCEFA8}.Debug|Any CPU.ActiveCfg = Debug|Any CPU
		{53134DFC-F8C9-472B-8134-80D141BCEFA8}.Debug|Any CPU.Build.0 = Debug|Any CPU
		{53134DFC-F8C9-472B-8134-80D141BCEFA8}.Release|Any CPU.ActiveCfg = Release|Any CPU
		{53134DFC-F8C9-472B-8134-80D141BCEFA8}.Release|Any CPU.Build.0 = Release|Any CPU
		{80A92C28-6D22-4A14-82BA-BCD9C4E92AA7}.Debug|Any CPU.ActiveCfg = Debug|Any CPU
		{80A92C28-6D22-4A14-82BA-BCD9C4E92AA7}.Debug|Any CPU.Build.0 = Debug|Any CPU
		{80A92C28-6D22-4A14-82BA-BCD9C4E92AA7}.Release|Any CPU.ActiveCfg = Release|Any CPU
		{80A92C28-6D22-4A14-82BA-BCD9C4E92AA7}.Release|Any CPU.Build.0 = Release|Any CPU
		{466C638A-4CF3-42EC-9190-3EBB2CBD6B06}.Debug|Any CPU.ActiveCfg = Debug|Any CPU
		{466C638A-4CF3-42EC-9190-3EBB2CBD6B06}.Debug|Any CPU.Build.0 = Debug|Any CPU
		{466C638A-4CF3-42EC-9190-3EBB2CBD6B06}.Release|Any CPU.ActiveCfg = Release|Any CPU
		{466C638A-4CF3-42EC-9190-3EBB2CBD6B06}.Release|Any CPU.Build.0 = Release|Any CPU
		{704E7C00-4757-4B7F-8271-32FA70386B75}.Debug|Any CPU.ActiveCfg = Debug|Any CPU
		{704E7C00-4757-4B7F-8271-32FA70386B75}.Debug|Any CPU.Build.0 = Debug|Any CPU
		{704E7C00-4757-4B7F-8271-32FA70386B75}.Release|Any CPU.ActiveCfg = Release|Any CPU
		{704E7C00-4757-4B7F-8271-32FA70386B75}.Release|Any CPU.Build.0 = Release|Any CPU
		{A2A34C21-E21F-4938-AFF3-FB5ACBAE836C}.Debug|Any CPU.ActiveCfg = Debug|Any CPU
		{A2A34C21-E21F-4938-AFF3-FB5ACBAE836C}.Debug|Any CPU.Build.0 = Debug|Any CPU
		{A2A34C21-E21F-4938-AFF3-FB5ACBAE836C}.Release|Any CPU.ActiveCfg = Release|Any CPU
		{A2A34C21-E21F-4938-AFF3-FB5ACBAE836C}.Release|Any CPU.Build.0 = Release|Any CPU
	EndGlobalSection
	GlobalSection(SolutionProperties) = preSolution
		HideSolutionNode = FALSE
	EndGlobalSection
	GlobalSection(NestedProjects) = preSolution
		{53134DFC-F8C9-472B-8134-80D141BCEFA8} = {C39137BD-2D1F-41C7-9309-8FCFB4B9DB2C}
		{80A92C28-6D22-4A14-82BA-BCD9C4E92AA7} = {C39137BD-2D1F-41C7-9309-8FCFB4B9DB2C}
		{466C638A-4CF3-42EC-9190-3EBB2CBD6B06} = {C39137BD-2D1F-41C7-9309-8FCFB4B9DB2C}
		{704E7C00-4757-4B7F-8271-32FA70386B75} = {C39137BD-2D1F-41C7-9309-8FCFB4B9DB2C}
	EndGlobalSection
	GlobalSection(ExtensibilityGlobals) = postSolution
		SolutionGuid = {243FB126-F3DF-40EF-92B6-CCF31CFCD263}
	EndGlobalSection
EndGlobal
